
Microsoft Visual Studio Solution File, Format Version 12.00
# Visual Studio Version 16
VisualStudioVersion = 16.0.30225.117
MinimumVisualStudioVersion = 10.0.40219.1
Project("{FAE04EC0-301F-11D3-BF4B-00C04F79EFBC}") = "Porftolio", "..\..\desktop\Portfolio\Portfolio\Porftolio\Porftolio.csproj", "{092690DB-404E-44C2-86C2-9B2862EE31C5}"
EndProject
Global
	GlobalSection(SolutionConfigurationPlatforms) = preSolution
		Debug|Any CPU = Debug|Any CPU
		Release|Any CPU = Release|Any CPU
	EndGlobalSection
	GlobalSection(ProjectConfigurationPlatforms) = postSolution
		{092690DB-404E-44C2-86C2-9B2862EE31C5}.Debug|Any CPU.ActiveCfg = Debug|Any CPU
		{092690DB-404E-44C2-86C2-9B2862EE31C5}.Debug|Any CPU.Build.0 = Debug|Any CPU
		{092690DB-404E-44C2-86C2-9B2862EE31C5}.Release|Any CPU.ActiveCfg = Release|Any CPU
		{092690DB-404E-44C2-86C2-9B2862EE31C5}.Release|Any CPU.Build.0 = Release|Any CPU
	EndGlobalSection
	GlobalSection(SolutionProperties) = preSolution
		HideSolutionNode = FALSE
	EndGlobalSection
	GlobalSection(ExtensibilityGlobals) = postSolution
		SolutionGuid = {291C8F9A-3F5F-466B-95EB-10371A24CA0C}
	EndGlobalSection
EndGlobal
